
Microsoft Visual Studio Solution File, Format Version 12.00
# Visual Studio 15
VisualStudioVersion = 15.0.26403.7
MinimumVisualStudioVersion = 10.0.40219.1
Project("{FAE04EC0-301F-11D3-BF4B-00C04F79EFBC}") = "EmployeeWebApi", "EmployeeWebApi\EmployeeWebApi.csproj", "{4386422A-E194-4969-B28A-FF7A292F906E}"
EndProject
Project("{FAE04EC0-301F-11D3-BF4B-00C04F79EFBC}") = "EmployeeData", "EmployeeData\EmployeeData.csproj", "{0F33DA2D-00AE-4CAF-A3F2-67FCAD36479E}"
EndProject
Project("{FAE04EC0-301F-11D3-BF4B-00C04F79EFBC}") = "EmployeeEntities", "EmployeeEntities\EmployeeEntities.csproj", "{631DB6FA-BB2A-44B3-963E-06E2A64E96BA}"
EndProject
Project("{FAE04EC0-301F-11D3-BF4B-00C04F79EFBC}") = "EmployeeCore", "EmployeeCore\EmployeeCore.csproj", "{4FE00D44-58FC-4D8D-8111-CBDA8BCE40B9}"
EndProject
Project("{FAE04EC0-301F-11D3-BF4B-00C04F79EFBC}") = "EmployeeWebApiEmployeeWebAPiTEest", "EmployeeWebApiEmployeeWebAPiTEest\EmployeeWebApiEmployeeWebAPiTEest.csproj", "{F8DB8DCA-AEFE-4908-A204-32AFC2709784}"
EndProject
Global
	GlobalSection(SolutionConfigurationPlatforms) = preSolution
		Debug|Any CPU = Debug|Any CPU
		Release|Any CPU = Release|Any CPU
	EndGlobalSection
	GlobalSection(ProjectConfigurationPlatforms) = postSolution
		{4386422A-E194-4969-B28A-FF7A292F906E}.Debug|Any CPU.ActiveCfg = Debug|Any CPU
		{4386422A-E194-4969-B28A-FF7A292F906E}.Debug|Any CPU.Build.0 = Debug|Any CPU
		{4386422A-E194-4969-B28A-FF7A292F906E}.Release|Any CPU.ActiveCfg = Release|Any CPU
		{4386422A-E194-4969-B28A-FF7A292F906E}.Release|Any CPU.Build.0 = Release|Any CPU
		{0F33DA2D-00AE-4CAF-A3F2-67FCAD36479E}.Debug|Any CPU.ActiveCfg = Debug|Any CPU
		{0F33DA2D-00AE-4CAF-A3F2-67FCAD36479E}.Debug|Any CPU.Build.0 = Debug|Any CPU
		{0F33DA2D-00AE-4CAF-A3F2-67FCAD36479E}.Release|Any CPU.ActiveCfg = Release|Any CPU
		{0F33DA2D-00AE-4CAF-A3F2-67FCAD36479E}.Release|Any CPU.Build.0 = Release|Any CPU
		{631DB6FA-BB2A-44B3-963E-06E2A64E96BA}.Debug|Any CPU.ActiveCfg = Debug|Any CPU
		{631DB6FA-BB2A-44B3-963E-06E2A64E96BA}.Debug|Any CPU.Build.0 = Debug|Any CPU
		{631DB6FA-BB2A-44B3-963E-06E2A64E96BA}.Release|Any CPU.ActiveCfg = Release|Any CPU
		{631DB6FA-BB2A-44B3-963E-06E2A64E96BA}.Release|Any CPU.Build.0 = Release|Any CPU
		{4FE00D44-58FC-4D8D-8111-CBDA8BCE40B9}.Debug|Any CPU.ActiveCfg = Debug|Any CPU
		{4FE00D44-58FC-4D8D-8111-CBDA8BCE40B9}.Debug|Any CPU.Build.0 = Debug|Any CPU
		{4FE00D44-58FC-4D8D-8111-CBDA8BCE40B9}.Release|Any CPU.ActiveCfg = Release|Any CPU
		{4FE00D44-58FC-4D8D-8111-CBDA8BCE40B9}.Release|Any CPU.Build.0 = Release|Any CPU
		{F8DB8DCA-AEFE-4908-A204-32AFC2709784}.Debug|Any CPU.ActiveCfg = Debug|Any CPU
		{F8DB8DCA-AEFE-4908-A204-32AFC2709784}.Debug|Any CPU.Build.0 = Debug|Any CPU
		{F8DB8DCA-AEFE-4908-A204-32AFC2709784}.Release|Any CPU.ActiveCfg = Release|Any CPU
		{F8DB8DCA-AEFE-4908-A204-32AFC2709784}.Release|Any CPU.Build.0 = Release|Any CPU
	EndGlobalSection
	GlobalSection(SolutionProperties) = preSolution
		HideSolutionNode = FALSE
	EndGlobalSection
EndGlobal
